
Microsoft Visual Studio Solution File, Format Version 12.00
# Visual Studio Version 16
VisualStudioVersion = 16.0.30413.136
MinimumVisualStudioVersion = 10.0.40219.1
Project("{FAE04EC0-301F-11D3-BF4B-00C04F79EFBC}") = "WikiCrawler", "WikiCrawler\WikiCrawler.csproj", "{8E309E3C-568A-40E9-8526-54A523E75D1D}"
EndProject
Global
	GlobalSection(SolutionConfigurationPlatforms) = preSolution
		Debug|Any CPU = Debug|Any CPU
		Release|Any CPU = Release|Any CPU
	EndGlobalSection
	GlobalSection(ProjectConfigurationPlatforms) = postSolution
		{8E309E3C-568A-40E9-8526-54A523E75D1D}.Debug|Any CPU.ActiveCfg = Debug|Any CPU
		{8E309E3C-568A-40E9-8526-54A523E75D1D}.Debug|Any CPU.Build.0 = Debug|Any CPU
		{8E309E3C-568A-40E9-8526-54A523E75D1D}.Release|Any CPU.ActiveCfg = Release|Any CPU
		{8E309E3C-568A-40E9-8526-54A523E75D1D}.Release|Any CPU.Build.0 = Release|Any CPU
	EndGlobalSection
	GlobalSection(SolutionProperties) = preSolution
		HideSolutionNode = FALSE
	EndGlobalSection
	GlobalSection(ExtensibilityGlobals) = postSolution
		SolutionGuid = {F10BFFAB-B6E2-4C2F-AAFC-7026DD92DCEC}
	EndGlobalSection
EndGlobal
